
Microsoft Visual Studio Solution File, Format Version 12.00
# Visual Studio Version 17
VisualStudioVersion = 17.9.34622.214
MinimumVisualStudioVersion = 10.0.40219.1
Project("{9A19103F-16F7-4668-BE54-9A1E7A4F7556}") = "Demo.RepoDBConsole", "Example\Demo.RepoDBConsole\Demo.RepoDBConsole.csproj", "{9E66B13D-F92C-4426-AB18-A9DA1374FBDF}"
EndProject
Project("{2150E333-8FDC-42A3-9474-1A3956D46DE8}") = "Example", "Example", "{F0153663-0F38-43F9-80C2-9092F9DC28D6}"
EndProject
Project("{9A19103F-16F7-4668-BE54-9A1E7A4F7556}") = "Demo.Infrastructure", "Demo.Infrastructure\Demo.Infrastructure.csproj", "{2085A991-3952-4176-B984-5390E2190B3C}"
EndProject
Project("{9A19103F-16F7-4668-BE54-9A1E7A4F7556}") = "Demo.DBScripts", "Demo.DBScripts\Demo.DBScripts.csproj", "{1270A270-8E13-4194-BB9E-F4F6C5C443B9}"
EndProject
Project("{2150E333-8FDC-42A3-9474-1A3956D46DE8}") = "DOC", "DOC", "{66A11594-E318-4B54-AA5E-25751DEC23B8}"
	ProjectSection(SolutionItems) = preProject
		readme.txt = readme.txt
	EndProjectSection
EndProject
Project("{00D1A9C2-B5F0-4AF3-8072-F6C62B433612}") = "Demo.DBManagement", "Demo.DBManagement\Demo.DBManagement.sqlproj", "{211CA9BE-E33D-4261-A258-841FB369AA45}"
EndProject
Project("{9A19103F-16F7-4668-BE54-9A1E7A4F7556}") = "Demo.DapperConsole", "Example\Demo.DapperConsole\Demo.DapperConsole.csproj", "{D82800D7-EED4-4D31-A45F-C967782AC86C}"
EndProject
Project("{FAE04EC0-301F-11D3-BF4B-00C04F79EFBC}") = "Demo.NHibernateConsole", "Demo.NHibernateConsole\Demo.NHibernateConsole.csproj", "{F691FDC2-EA3D-4B52-BCB8-70CA814BEC74}"
EndProject
Global
	GlobalSection(SolutionConfigurationPlatforms) = preSolution
		Debug|Any CPU = Debug|Any CPU
		Release|Any CPU = Release|Any CPU
	EndGlobalSection
	GlobalSection(ProjectConfigurationPlatforms) = postSolution
		{9E66B13D-F92C-4426-AB18-A9DA1374FBDF}.Debug|Any CPU.ActiveCfg = Debug|Any CPU
		{9E66B13D-F92C-4426-AB18-A9DA1374FBDF}.Debug|Any CPU.Build.0 = Debug|Any CPU
		{9E66B13D-F92C-4426-AB18-A9DA1374FBDF}.Release|Any CPU.ActiveCfg = Release|Any CPU
		{9E66B13D-F92C-4426-AB18-A9DA1374FBDF}.Release|Any CPU.Build.0 = Release|Any CPU
		{2085A991-3952-4176-B984-5390E2190B3C}.Debug|Any CPU.ActiveCfg = Debug|Any CPU
		{2085A991-3952-4176-B984-5390E2190B3C}.Debug|Any CPU.Build.0 = Debug|Any CPU
		{2085A991-3952-4176-B984-5390E2190B3C}.Release|Any CPU.ActiveCfg = Release|Any CPU
		{2085A991-3952-4176-B984-5390E2190B3C}.Release|Any CPU.Build.0 = Release|Any CPU
		{1270A270-8E13-4194-BB9E-F4F6C5C443B9}.Debug|Any CPU.ActiveCfg = Debug|Any CPU
		{1270A270-8E13-4194-BB9E-F4F6C5C443B9}.Debug|Any CPU.Build.0 = Debug|Any CPU
		{1270A270-8E13-4194-BB9E-F4F6C5C443B9}.Release|Any CPU.ActiveCfg = Release|Any CPU
		{1270A270-8E13-4194-BB9E-F4F6C5C443B9}.Release|Any CPU.Build.0 = Release|Any CPU
		{211CA9BE-E33D-4261-A258-841FB369AA45}.Debug|Any CPU.ActiveCfg = Debug|Any CPU
		{211CA9BE-E33D-4261-A258-841FB369AA45}.Debug|Any CPU.Build.0 = Debug|Any CPU
		{211CA9BE-E33D-4261-A258-841FB369AA45}.Debug|Any CPU.Deploy.0 = Debug|Any CPU
		{211CA9BE-E33D-4261-A258-841FB369AA45}.Release|Any CPU.ActiveCfg = Release|Any CPU
		{211CA9BE-E33D-4261-A258-841FB369AA45}.Release|Any CPU.Build.0 = Release|Any CPU
		{211CA9BE-E33D-4261-A258-841FB369AA45}.Release|Any CPU.Deploy.0 = Release|Any CPU
		{D82800D7-EED4-4D31-A45F-C967782AC86C}.Debug|Any CPU.ActiveCfg = Debug|Any CPU
		{D82800D7-EED4-4D31-A45F-C967782AC86C}.Debug|Any CPU.Build.0 = Debug|Any CPU
		{D82800D7-EED4-4D31-A45F-C967782AC86C}.Release|Any CPU.ActiveCfg = Release|Any CPU
		{D82800D7-EED4-4D31-A45F-C967782AC86C}.Release|Any CPU.Build.0 = Release|Any CPU
		{F691FDC2-EA3D-4B52-BCB8-70CA814BEC74}.Debug|Any CPU.ActiveCfg = Debug|Any CPU
		{F691FDC2-EA3D-4B52-BCB8-70CA814BEC74}.Debug|Any CPU.Build.0 = Debug|Any CPU
		{F691FDC2-EA3D-4B52-BCB8-70CA814BEC74}.Release|Any CPU.ActiveCfg = Release|Any CPU
		{F691FDC2-EA3D-4B52-BCB8-70CA814BEC74}.Release|Any CPU.Build.0 = Release|Any CPU
	EndGlobalSection
	GlobalSection(SolutionProperties) = preSolution
		HideSolutionNode = FALSE
	EndGlobalSection
	GlobalSection(NestedProjects) = preSolution
		{9E66B13D-F92C-4426-AB18-A9DA1374FBDF} = {F0153663-0F38-43F9-80C2-9092F9DC28D6}
		{D82800D7-EED4-4D31-A45F-C967782AC86C} = {F0153663-0F38-43F9-80C2-9092F9DC28D6}
		{F691FDC2-EA3D-4B52-BCB8-70CA814BEC74} = {F0153663-0F38-43F9-80C2-9092F9DC28D6}
	EndGlobalSection
	GlobalSection(ExtensibilityGlobals) = postSolution
		SolutionGuid = {999D6782-C08D-4F6E-AC47-70CB6E8DCBDF}
	EndGlobalSection
EndGlobal
